
Microsoft Visual Studio Solution File, Format Version 12.00
# Visual Studio Version 16
VisualStudioVersion = 16.0.31515.178
MinimumVisualStudioVersion = 10.0.40219.1
Project("{FAE04EC0-301F-11D3-BF4B-00C04F79EFBC}") = "SqlSugarLearning", "SqlSugarLearning.csproj", "{1E0F282F-C38C-401F-B35D-A0513B481BFE}"
EndProject
Global
	GlobalSection(SolutionConfigurationPlatforms) = preSolution
		Debug|Any CPU = Debug|Any CPU
		Release|Any CPU = Release|Any CPU
	EndGlobalSection
	GlobalSection(ProjectConfigurationPlatforms) = postSolution
		{1E0F282F-C38C-401F-B35D-A0513B481BFE}.Debug|Any CPU.ActiveCfg = Debug|Any CPU
		{1E0F282F-C38C-401F-B35D-A0513B481BFE}.Debug|Any CPU.Build.0 = Debug|Any CPU
		{1E0F282F-C38C-401F-B35D-A0513B481BFE}.Release|Any CPU.ActiveCfg = Release|Any CPU
		{1E0F282F-C38C-401F-B35D-A0513B481BFE}.Release|Any CPU.Build.0 = Release|Any CPU
	EndGlobalSection
	GlobalSection(SolutionProperties) = preSolution
		HideSolutionNode = FALSE
	EndGlobalSection
	GlobalSection(ExtensibilityGlobals) = postSolution
		SolutionGuid = {E8713572-A6D5-45F9-B874-E2EBD86373A0}
	EndGlobalSection
EndGlobal
